
Microsoft Visual Studio Solution File, Format Version 12.00
# Visual Studio Version 17
VisualStudioVersion = 17.2.32516.85
MinimumVisualStudioVersion = 10.0.40219.1
Project("{FAE04EC0-301F-11D3-BF4B-00C04F79EFBC}") = "BlazorApiClient", "BlazorApiClient\BlazorApiClient.csproj", "{3E5C667E-C40E-4936-85D9-96E3856FC358}"
EndProject
Global
	GlobalSection(SolutionConfigurationPlatforms) = preSolution
		Debug|Any CPU = Debug|Any CPU
		Release|Any CPU = Release|Any CPU
	EndGlobalSection
	GlobalSection(ProjectConfigurationPlatforms) = postSolution
		{3E5C667E-C40E-4936-85D9-96E3856FC358}.Debug|Any CPU.ActiveCfg = Debug|Any CPU
		{3E5C667E-C40E-4936-85D9-96E3856FC358}.Debug|Any CPU.Build.0 = Debug|Any CPU
		{3E5C667E-C40E-4936-85D9-96E3856FC358}.Release|Any CPU.ActiveCfg = Release|Any CPU
		{3E5C667E-C40E-4936-85D9-96E3856FC358}.Release|Any CPU.Build.0 = Release|Any CPU
	EndGlobalSection
	GlobalSection(SolutionProperties) = preSolution
		HideSolutionNode = FALSE
	EndGlobalSection
	GlobalSection(ExtensibilityGlobals) = postSolution
		SolutionGuid = {90298437-D2A9-4FAC-828A-C8CB955A26CE}
	EndGlobalSection
EndGlobal
